<?xml version="1.0" encoding="utf-8"?>
<Project ToolsVersion="4.0" xmlns="http://schemas.microsoft.com/developer/msbuild/2003">
  <ItemGroup>
    <ClCompile Include="layer.cpp">
      <Filter>sources</Filter>
    </ClCompile>
    <ClCompile Include="blob.cpp">
      <Filter>sources</Filter>
    </ClCompile>
    <ClCompile Include="crane.cpp">
      <Filter>sources</Filter>
    </ClCompile>
    <ClCompile Include="net.cpp">
      <Filter>sources</Filter>
    </ClCompile>
    <ClCompile Include="json11.cpp">
      <Filter>sources\supports</Filter>
    </ClCompile>
    <ClCompile Include="testers\test_json11.cpp">
      <Filter>testers</Filter>
    </ClCompile>
    <ClCompile Include="testers\test_logger.cpp">
      <Filter>testers</Filter>
    </ClCompile>
    <ClCompile Include="logger.cpp">
      <Filter>sources\supports</Filter>
    </ClCompile>
    <ClCompile Include="solver.cpp">
      <Filter>sources</Filter>
    </ClCompile>
    <ClCompile Include="convolution_layer.cpp">
      <Filter>sources\layers</Filter>
    </ClCompile>
    <ClCompile Include="layer_factory.cpp">
      <Filter>sources</Filter>
    </ClCompile>
    <ClCompile Include="maxpool_layer.cpp">
      <Filter>sources\layers</Filter>
    </ClCompile>
    <ClCompile Include="softmax_layer.cpp">
      <Filter>sources\layers</Filter>
    </ClCompile>
  </ItemGroup>
  <ItemGroup>
    <ClInclude Include="blob.h">
      <Filter>headers</Filter>
    </ClInclude>
    <ClInclude Include="common.h">
      <Filter>headers</Filter>
    </ClInclude>
    <ClInclude Include="layer.h">
      <Filter>headers</Filter>
    </ClInclude>
    <ClInclude Include="net.h">
      <Filter>headers</Filter>
    </ClInclude>
    <ClInclude Include="logger.h">
      <Filter>sources\supports</Filter>
    </ClInclude>
    <ClInclude Include="testers\test_apis.h">
      <Filter>testers</Filter>
    </ClInclude>
    <ClInclude Include="json11.h">
      <Filter>sources\supports</Filter>
    </ClInclude>
    <ClInclude Include="layer_factory.h">
      <Filter>headers</Filter>
    </ClInclude>
    <ClInclude Include="solver.h">
      <Filter>headers</Filter>
    </ClInclude>
    <ClInclude Include="convolution_layer.h">
      <Filter>sources\layers</Filter>
    </ClInclude>
    <ClInclude Include="maxpool_layer.h">
      <Filter>sources\layers</Filter>
    </ClInclude>
    <ClInclude Include="softmax_layer.h">
      <Filter>sources\layers</Filter>
    </ClInclude>
  </ItemGroup>
  <ItemGroup>
    <Filter Include="headers">
      <UniqueIdentifier>{e50a853b-af17-4510-9f60-fea0f3b1041e}</UniqueIdentifier>
    </Filter>
    <Filter Include="sources">
      <UniqueIdentifier>{66ce0ea9-b62b-46c9-9599-116394ef2681}</UniqueIdentifier>
    </Filter>
    <Filter Include="testers">
      <UniqueIdentifier>{9dd4c8a9-eea5-4cdc-aa49-6fd2263bc7a3}</UniqueIdentifier>
    </Filter>
    <Filter Include="sources\layers">
      <UniqueIdentifier>{28e6f625-0386-4c03-9d78-bb6fce3d7bc1}</UniqueIdentifier>
    </Filter>
    <Filter Include="sources\supports">
      <UniqueIdentifier>{60c79685-ded1-4dd2-a559-d6f452ffe26a}</UniqueIdentifier>
    </Filter>
  </ItemGroup>
</Project>